github.com/cilium/ebpf v0.12.0 h1:oQEuIQIXgYhe1v7sYUG0P9vtJTYZLLdA6tiQmrOB1mo=
github.com/cilium/ebpf v0.12.0/go.mod h1:u9H29/Iq+8cy70YqI6p5pfADkFl3vdnV2qXDg5JL0Zo=
golang.org/x/exp v0.0.0-20230224173230-c95f2b4c22f2 h1:Jvc7gsqn21cJHCmAWx0LiimpP18LZmUxkT5Mp7EZ1mI=
golang.org/x/exp v0.0.0-20230224173230-c95f2b4c22f2/go.mod h1:CxIveKay+FTh1D0yPZemJVgC/95VzuuOLq5Qi4xnoYc=
golang.org/x/sys v0.6.0 h1:MVltZSvRTcU2ljQOhs94SXPftV6DCNnZViHeQps87pQ=
golang.org/x/sys v0.6.0/go.mod h1:oPkhp1MJrh7nUepCBck5+mAzfO9JrbApNNgaTdGDITg=
